
Microsoft Visual Studio Solution File, Format Version 12.00
# Visual Studio Version 17
VisualStudioVersion = 17.4.33205.214
MinimumVisualStudioVersion = 10.0.40219.1
Project("{9A19103F-16F7-4668-BE54-9A1E7A4F7556}") = "Bang.WebApi", "Bang.WebApi\Bang.WebApi.csproj", "{6E381E4A-212E-40E8-BF77-160BF9ADAEFC}"
EndProject
Project("{9A19103F-16F7-4668-BE54-9A1E7A4F7556}") = "Bang.Tests", "Bang.Tests\Bang.Tests.csproj", "{F512B4E3-4C07-4588-8967-6E87D0B502BC}"
EndProject
Project("{9A19103F-16F7-4668-BE54-9A1E7A4F7556}") = "Bang.Database", "Bang.Database\Bang.Database.csproj", "{858AF1AE-A160-4E10-A78C-CFA56E8D3205}"
EndProject
Project("{9A19103F-16F7-4668-BE54-9A1E7A4F7556}") = "Bang.Core", "Bang.Core\Bang.Core.csproj", "{48C62880-776E-4E93-A0A7-71D1CBCAE1CE}"
EndProject
Project("{FAE04EC0-301F-11D3-BF4B-00C04F79EFBC}") = "Bang.Models", "Bang.Models\Bang.Models.csproj", "{3F9278D6-3FE3-4FCC-BDEC-8D803134BD2F}"
EndProject
Global
	GlobalSection(SolutionConfigurationPlatforms) = preSolution
		Debug|Any CPU = Debug|Any CPU
		Release|Any CPU = Release|Any CPU
	EndGlobalSection
	GlobalSection(ProjectConfigurationPlatforms) = postSolution
		{6E381E4A-212E-40E8-BF77-160BF9ADAEFC}.Debug|Any CPU.ActiveCfg = Debug|Any CPU
		{6E381E4A-212E-40E8-BF77-160BF9ADAEFC}.Debug|Any CPU.Build.0 = Debug|Any CPU
		{6E381E4A-212E-40E8-BF77-160BF9ADAEFC}.Release|Any CPU.ActiveCfg = Release|Any CPU
		{6E381E4A-212E-40E8-BF77-160BF9ADAEFC}.Release|Any CPU.Build.0 = Release|Any CPU
		{F512B4E3-4C07-4588-8967-6E87D0B502BC}.Debug|Any CPU.ActiveCfg = Debug|Any CPU
		{F512B4E3-4C07-4588-8967-6E87D0B502BC}.Debug|Any CPU.Build.0 = Debug|Any CPU
		{F512B4E3-4C07-4588-8967-6E87D0B502BC}.Release|Any CPU.ActiveCfg = Release|Any CPU
		{F512B4E3-4C07-4588-8967-6E87D0B502BC}.Release|Any CPU.Build.0 = Release|Any CPU
		{858AF1AE-A160-4E10-A78C-CFA56E8D3205}.Debug|Any CPU.ActiveCfg = Debug|Any CPU
		{858AF1AE-A160-4E10-A78C-CFA56E8D3205}.Debug|Any CPU.Build.0 = Debug|Any CPU
		{858AF1AE-A160-4E10-A78C-CFA56E8D3205}.Release|Any CPU.ActiveCfg = Release|Any CPU
		{858AF1AE-A160-4E10-A78C-CFA56E8D3205}.Release|Any CPU.Build.0 = Release|Any CPU
		{48C62880-776E-4E93-A0A7-71D1CBCAE1CE}.Debug|Any CPU.ActiveCfg = Debug|Any CPU
		{48C62880-776E-4E93-A0A7-71D1CBCAE1CE}.Debug|Any CPU.Build.0 = Debug|Any CPU
		{48C62880-776E-4E93-A0A7-71D1CBCAE1CE}.Release|Any CPU.ActiveCfg = Release|Any CPU
		{48C62880-776E-4E93-A0A7-71D1CBCAE1CE}.Release|Any CPU.Build.0 = Release|Any CPU
		{3F9278D6-3FE3-4FCC-BDEC-8D803134BD2F}.Debug|Any CPU.ActiveCfg = Debug|Any CPU
		{3F9278D6-3FE3-4FCC-BDEC-8D803134BD2F}.Debug|Any CPU.Build.0 = Debug|Any CPU
		{3F9278D6-3FE3-4FCC-BDEC-8D803134BD2F}.Release|Any CPU.ActiveCfg = Release|Any CPU
		{3F9278D6-3FE3-4FCC-BDEC-8D803134BD2F}.Release|Any CPU.Build.0 = Release|Any CPU
	EndGlobalSection
	GlobalSection(SolutionProperties) = preSolution
		HideSolutionNode = FALSE
	EndGlobalSection
	GlobalSection(ExtensibilityGlobals) = postSolution
		SolutionGuid = {12EC1929-B82C-45F0-8D19-8CF80D5884EB}
	EndGlobalSection
EndGlobal
